
Microsoft Visual Studio Solution File, Format Version 11.00
# Visual Studio 2010
Project("{FAE04EC0-301F-11D3-BF4B-00C04F79EFBC}") = "Assembly-CSharp", "Assembly-CSharp.csproj", "{C042F6C7-61EA-6EEB-FAF6-8EC9ECC02564}"
EndProject
Project("{FAE04EC0-301F-11D3-BF4B-00C04F79EFBC}") = "Assembly-CSharp-Editor", "Assembly-CSharp-Editor.csproj", "{9A5A2238-8B75-C04C-BE1F-4CFDDA58AAE2}"
EndProject
Global
	GlobalSection(SolutionConfigurationPlatforms) = preSolution
		Debug|Any CPU = Debug|Any CPU
		Release|Any CPU = Release|Any CPU
	EndGlobalSection
	GlobalSection(ProjectConfigurationPlatforms) = postSolution
		{C042F6C7-61EA-6EEB-FAF6-8EC9ECC02564}.Debug|Any CPU.ActiveCfg = Debug|Any CPU
		{C042F6C7-61EA-6EEB-FAF6-8EC9ECC02564}.Debug|Any CPU.Build.0 = Debug|Any CPU
		{C042F6C7-61EA-6EEB-FAF6-8EC9ECC02564}.Release|Any CPU.ActiveCfg = Release|Any CPU
		{C042F6C7-61EA-6EEB-FAF6-8EC9ECC02564}.Release|Any CPU.Build.0 = Release|Any CPU
		{9A5A2238-8B75-C04C-BE1F-4CFDDA58AAE2}.Debug|Any CPU.ActiveCfg = Debug|Any CPU
		{9A5A2238-8B75-C04C-BE1F-4CFDDA58AAE2}.Debug|Any CPU.Build.0 = Debug|Any CPU
		{9A5A2238-8B75-C04C-BE1F-4CFDDA58AAE2}.Release|Any CPU.ActiveCfg = Release|Any CPU
		{9A5A2238-8B75-C04C-BE1F-4CFDDA58AAE2}.Release|Any CPU.Build.0 = Release|Any CPU
	EndGlobalSection
	GlobalSection(SolutionProperties) = preSolution
		HideSolutionNode = FALSE
	EndGlobalSection
	GlobalSection(MonoDevelopProperties) = preSolution
		StartupItem = Assembly-CSharp.csproj
	EndGlobalSection
EndGlobal
