
Microsoft Visual Studio Solution File, Format Version 12.00
# Visual Studio 15
Project("{FAE04EC0-301F-11D3-BF4B-00C04F79EFBC}") = "Master Template Copiable", "Master Template Copiable.csproj", "{FEDD8496-422B-8975-258C-4BB92C560021}"
EndProject
Project("{FAE04EC0-301F-11D3-BF4B-00C04F79EFBC}") = "Master Template Copiable.Editor", "Master Template Copiable.Editor.csproj", "{34DBD30C-AFCF-B54A-7B71-FDD329C7C889}"
EndProject
Global
	GlobalSection(SolutionConfigurationPlatforms) = preSolution
		Debug|Any CPU = Debug|Any CPU
		Release|Any CPU = Release|Any CPU
	EndGlobalSection
	GlobalSection(ProjectConfigurationPlatforms) = postSolution
		{FEDD8496-422B-8975-258C-4BB92C560021}.Debug|Any CPU.ActiveCfg = Debug|Any CPU
		{FEDD8496-422B-8975-258C-4BB92C560021}.Debug|Any CPU.Build.0 = Debug|Any CPU
		{FEDD8496-422B-8975-258C-4BB92C560021}.Release|Any CPU.ActiveCfg = Release|Any CPU
		{FEDD8496-422B-8975-258C-4BB92C560021}.Release|Any CPU.Build.0 = Release|Any CPU
		{34DBD30C-AFCF-B54A-7B71-FDD329C7C889}.Debug|Any CPU.ActiveCfg = Debug|Any CPU
		{34DBD30C-AFCF-B54A-7B71-FDD329C7C889}.Debug|Any CPU.Build.0 = Debug|Any CPU
		{34DBD30C-AFCF-B54A-7B71-FDD329C7C889}.Release|Any CPU.ActiveCfg = Release|Any CPU
		{34DBD30C-AFCF-B54A-7B71-FDD329C7C889}.Release|Any CPU.Build.0 = Release|Any CPU
	EndGlobalSection
	GlobalSection(SolutionProperties) = preSolution
		HideSolutionNode = FALSE
	EndGlobalSection
EndGlobal
